
Microsoft Visual Studio Solution File, Format Version 12.00
# Visual Studio Version 16
VisualStudioVersion = 16.0.31005.135
MinimumVisualStudioVersion = 10.0.40219.1
Project("{2150E333-8FDC-42A3-9474-1A3956D46DE8}") = "ApiSites", "ApiSites", "{B500AD8D-4E35-4DD9-96B2-AFA53D9F234A}"
EndProject
Project("{FAE04EC0-301F-11D3-BF4B-00C04F79EFBC}") = "Roblox.GamePersistence.Api", "ApiSites\Roblox.GamePersistence.Api\Roblox.GamePersistence.Api\Roblox.GamePersistence.Api.csproj", "{7EDC0855-F488-4765-9371-62E6A1CB255E}"
EndProject
Global
	GlobalSection(SolutionConfigurationPlatforms) = preSolution
		Debug|Any CPU = Debug|Any CPU
		Release|Any CPU = Release|Any CPU
	EndGlobalSection
	GlobalSection(ProjectConfigurationPlatforms) = postSolution
		{7EDC0855-F488-4765-9371-62E6A1CB255E}.Debug|Any CPU.ActiveCfg = Debug|Any CPU
		{7EDC0855-F488-4765-9371-62E6A1CB255E}.Debug|Any CPU.Build.0 = Debug|Any CPU
		{7EDC0855-F488-4765-9371-62E6A1CB255E}.Release|Any CPU.ActiveCfg = Release|Any CPU
		{7EDC0855-F488-4765-9371-62E6A1CB255E}.Release|Any CPU.Build.0 = Release|Any CPU
	EndGlobalSection
	GlobalSection(SolutionProperties) = preSolution
		HideSolutionNode = FALSE
	EndGlobalSection
	GlobalSection(NestedProjects) = preSolution
		{7EDC0855-F488-4765-9371-62E6A1CB255E} = {B500AD8D-4E35-4DD9-96B2-AFA53D9F234A}
	EndGlobalSection
	GlobalSection(ExtensibilityGlobals) = postSolution
		SolutionGuid = {EA078213-283D-45B8-8AF7-EFC572A9E1DE}
	EndGlobalSection
EndGlobal
